# THIS IS AN AUTOGENERATED FILE. DO NOT EDIT THIS FILE DIRECTLY.
# yarn lockfile v1


dir-a-lerna-test@^1.0.8-alpha.0:
  version "1.0.8-alpha.0"
  resolved "https://userway-384064702811.d.codeartifact.us-west-2.amazonaws.com:443/npm/userway-npm/dir-a-lerna-test/-/dir-a-lerna-test-1.0.8-alpha.0.tgz#50b88e38e2a6ba9576a1d55ac8fd3724ed4e5ef1"
  integrity sha512-qezkRu90YHuVgwZVzOEdKBxfE454qcQsjPiu4/wOzTq1w2hSX3kYnRJM27mJug9xd2QTps4ZDT22jYVnYX3aFA==
  dependencies:
    dir-b-lerna-test "^1.0.5"

dir-b-lerna-test@^1.0.2, dir-b-lerna-test@^1.0.5:
  version "1.0.5"
  resolved "https://userway-384064702811.d.codeartifact.us-west-2.amazonaws.com:443/npm/userway-npm/dir-b-lerna-test/-/dir-b-lerna-test-1.0.5.tgz#d07c48b8e62acd406d1b0c0506ab58e04c2a4038"
  integrity sha512-U0LStBnGhoVwlTZ+MMx343g4xocIRaTjkgOi8FSzes1WrVjwzEvSONbNmYJ7hox596/mGRMgopPn7E3rx54pEA==
  dependencies:
    hash-sum "^2.0.0"

hash-sum@^2.0.0:
  version "2.0.0"
  resolved "https://userway-384064702811.d.codeartifact.us-west-2.amazonaws.com:443/npm/userway-npm/hash-sum/-/hash-sum-2.0.0.tgz#81d01bb5de8ea4a214ad5d6ead1b523460b0b45a"
  integrity sha512-WdZTbAByD+pHfl/g9QSsBIIwy8IT+EsPiKDs0KNX+zSHhdDLFKdZu0BQHljvO+0QI/BasbMSUa8wYNCZTvhslg==
