# THIS IS AN AUTOGENERATED FILE. DO NOT EDIT THIS FILE DIRECTLY.
# yarn lockfile v1


dir-b-lerna-test@^1.0.2:
  version "1.0.2"
  resolved "https://userway-384064702811.d.codeartifact.us-west-2.amazonaws.com:443/npm/userway-npm/dir-b-lerna-test/-/dir-b-lerna-test-1.0.2.tgz#1369a25753478355d24e7d1c0f976495c31cd78f"
  integrity sha512-WmEjX5Yq8v3qPIXF9kEyWL65Kei4GDtcftfiIgEezjakY+3/vyVgrSl2U5z0fmUrn6kSYLyhf5sLJFOhZcoNLQ==
  dependencies:
    hash-sum "^2.0.0"

hash-sum@^2.0.0:
  version "2.0.0"
  resolved "https://userway-384064702811.d.codeartifact.us-west-2.amazonaws.com:443/npm/userway-npm/hash-sum/-/hash-sum-2.0.0.tgz#81d01bb5de8ea4a214ad5d6ead1b523460b0b45a"
  integrity sha512-WdZTbAByD+pHfl/g9QSsBIIwy8IT+EsPiKDs0KNX+zSHhdDLFKdZu0BQHljvO+0QI/BasbMSUa8wYNCZTvhslg==
